// !$*UTF8*$!
{
	archiveVersion = 1;
	classes = {
	};
	objectVersion = 46;
	objects = {

/* Begin PBXBuildFile section */
		7C79506313E80979001950EA /* Icon@2x.png in Resources */ = {isa = PBXBuildFile; fileRef = 7C79506113E80979001950EA /* Icon@2x.png */; };
		7C79506413E80979001950EA /* Icon.png in Resources */ = {isa = PBXBuildFile; fileRef = 7C79506213E80979001950EA /* Icon.png */; };
		7C79506613E809C0001950EA /* Icon-72.png in Resources */ = {isa = PBXBuildFile; fileRef = 7C79506513E809C0001950EA /* Icon-72.png */; };
		7C79506813E809F9001950EA /* Icon-Small-50.png in Resources */ = {isa = PBXBuildFile; fileRef = 7C79506713E809F9001950EA /* Icon-Small-50.png */; };
		7C79506D13E80D08001950EA /* iTunesArtwork in Resources */ = {isa = PBXBuildFile; fileRef = 7C79506C13E80D08001950EA /* iTunesArtwork */; };
		7C79506F13E80D68001950EA /* Maths.m4v in Resources */ = {isa = PBXBuildFile; fileRef = 7C79506E13E80D68001950EA /* Maths.m4v */; };
		7C79507113E80D7D001950EA /* ITest U Video.m4v in Resources */ = {isa = PBXBuildFile; fileRef = 7C79507013E80D7D001950EA /* ITest U Video.m4v */; };
		7C79507313E80D92001950EA /* Physics.m4v in Resources */ = {isa = PBXBuildFile; fileRef = 7C79507213E80D92001950EA /* Physics.m4v */; };
		7C79507513E80DAF001950EA /* English.m4v in Resources */ = {isa = PBXBuildFile; fileRef = 7C79507413E80DAF001950EA /* English.m4v */; };
		7C79507713E80DBD001950EA /* ArrowWoodImpact.aiff in Resources */ = {isa = PBXBuildFile; fileRef = 7C79507613E80DBD001950EA /* ArrowWoodImpact.aiff */; };
		7C79507913E80DCD001950EA /* Chemistry.m4v in Resources */ = {isa = PBXBuildFile; fileRef = 7C79507813E80DCD001950EA /* Chemistry.m4v */; };
		7C79507B13E80DE4001950EA /* Cough.aiff in Resources */ = {isa = PBXBuildFile; fileRef = 7C79507A13E80DE4001950EA /* Cough.aiff */; };
		7C79507D13E80DF9001950EA /* Clapping.aiff in Resources */ = {isa = PBXBuildFile; fileRef = 7C79507C13E80DF9001950EA /* Clapping.aiff */; };
		7C79507F13E80E55001950EA /* 45-movie1.png in Resources */ = {isa = PBXBuildFile; fileRef = 7C79507E13E80E55001950EA /* 45-movie1.png */; };
		7C79508413E80EBE001950EA /* From250.plist in Resources */ = {isa = PBXBuildFile; fileRef = 7C79508013E80EBE001950EA /* From250.plist */; };
		7C79508513E80EBE001950EA /* From500.plist in Resources */ = {isa = PBXBuildFile; fileRef = 7C79508113E80EBE001950EA /* From500.plist */; };
		7C79508613E80EBE001950EA /* From750.plist in Resources */ = {isa = PBXBuildFile; fileRef = 7C79508213E80EBE001950EA /* From750.plist */; };
		7C79508713E80EBE001950EA /* FromFree.plist in Resources */ = {isa = PBXBuildFile; fileRef = 7C79508313E80EBE001950EA /* FromFree.plist */; };
		7C79508D13E80F07001950EA /* Default-Landscape.png in Resources */ = {isa = PBXBuildFile; fileRef = 7C79508813E80F07001950EA /* Default-Landscape.png */; };
		7C79508E13E80F07001950EA /* Default-LandscapeLeft.png in Resources */ = {isa = PBXBuildFile; fileRef = 7C79508913E80F07001950EA /* Default-LandscapeLeft.png */; };
		7C79508F13E80F07001950EA /* Default-LandscapeRight.png in Resources */ = {isa = PBXBuildFile; fileRef = 7C79508A13E80F07001950EA /* Default-LandscapeRight.png */; };
		7C79509013E80F07001950EA /* Default-Portrait.png in Resources */ = {isa = PBXBuildFile; fileRef = 7C79508B13E80F07001950EA /* Default-Portrait.png */; };
		7C79509113E80F07001950EA /* Default-PortraitUpsideDown.png in Resources */ = {isa = PBXBuildFile; fileRef = 7C79508C13E80F07001950EA /* Default-PortraitUpsideDown.png */; };
		7C79509313E80F30001950EA /* Graph_Ipad.png in Resources */ = {isa = PBXBuildFile; fileRef = 7C79509213E80F30001950EA /* Graph_Ipad.png */; };
		7C79509513E80F48001950EA /* Maths.png in Resources */ = {isa = PBXBuildFile; fileRef = 7C79509413E80F48001950EA /* Maths.png */; };
		7C79509713E80F7C001950EA /* English.png in Resources */ = {isa = PBXBuildFile; fileRef = 7C79509613E80F7C001950EA /* English.png */; };
		7C79509913E80F91001950EA /* Physics.png in Resources */ = {isa = PBXBuildFile; fileRef = 7C79509813E80F91001950EA /* Physics.png */; };
		7C79509B13E80FA6001950EA /* Chemistry.png in Resources */ = {isa = PBXBuildFile; fileRef = 7C79509A13E80FA6001950EA /* Chemistry.png */; };
		7C79509D13E81C86001950EA /* MainWindow.xib in Resources */ = {isa = PBXBuildFile; fileRef = 7C79509C13E81C86001950EA /* MainWindow.xib */; };
		7C7950A013E81CC3001950EA /* EvaluatorAppDelegate.m in Sources */ = {isa = PBXBuildFile; fileRef = 7C79509F13E81CC3001950EA /* EvaluatorAppDelegate.m */; };
		7C7950A313E81CEE001950EA /* TabBar.m in Sources */ = {isa = PBXBuildFile; fileRef = 7C7950A213E81CEE001950EA /* TabBar.m */; };
		7C7950A613E81D12001950EA /* ActivityIndicator.m in Sources */ = {isa = PBXBuildFile; fileRef = 7C7950A513E81D12001950EA /* ActivityIndicator.m */; };
		7C7950B413E81D7C001950EA /* Answers.m in Sources */ = {isa = PBXBuildFile; fileRef = 7C7950A813E81D7C001950EA /* Answers.m */; };
		7C7950B513E81D7C001950EA /* DBVersion.m in Sources */ = {isa = PBXBuildFile; fileRef = 7C7950AA13E81D7C001950EA /* DBVersion.m */; };
		7C7950B713E81D7C001950EA /* lk_QuestionTemplate.m in Sources */ = {isa = PBXBuildFile; fileRef = 7C7950AD13E81D7C001950EA /* lk_QuestionTemplate.m */; };
		7C7950B813E81D7C001950EA /* QuestionHeader.m in Sources */ = {isa = PBXBuildFile; fileRef = 7C7950AF13E81D7C001950EA /* QuestionHeader.m */; };
		7C7950B913E81D7C001950EA /* QuestionItems.m in Sources */ = {isa = PBXBuildFile; fileRef = 7C7950B113E81D7C001950EA /* QuestionItems.m */; };
		7C7950BA13E81D7C001950EA /* Topics.m in Sources */ = {isa = PBXBuildFile; fileRef = 7C7950B313E81D7C001950EA /* Topics.m */; };
		7C7950BD13E81E0E001950EA /* CustomPickerDataSource_Num_Questions.m in Sources */ = {isa = PBXBuildFile; fileRef = 7C7950BC13E81E0E001950EA /* CustomPickerDataSource_Num_Questions.m */; };
		7C7950C513E81E77001950EA /* MultipleChoiceSingleAnswer.m in Sources */ = {isa = PBXBuildFile; fileRef = 7C7950C213E81E77001950EA /* MultipleChoiceSingleAnswer.m */; };
		7C7950C613E81E77001950EA /* MultipleChoiceSingleAnswer1.m in Sources */ = {isa = PBXBuildFile; fileRef = 7C7950C413E81E77001950EA /* MultipleChoiceSingleAnswer1.m */; };
		7C7950CB13E81E8F001950EA /* DescriptiveType.m in Sources */ = {isa = PBXBuildFile; fileRef = 7C7950C813E81E8F001950EA /* DescriptiveType.m */; };
		7C7950CC13E81E8F001950EA /* DescriptiveType1.m in Sources */ = {isa = PBXBuildFile; fileRef = 7C7950CA13E81E8F001950EA /* DescriptiveType1.m */; };
		7C7950D113E81EA6001950EA /* TrueOrFalseYesOrNo.m in Sources */ = {isa = PBXBuildFile; fileRef = 7C7950CE13E81EA6001950EA /* TrueOrFalseYesOrNo.m */; };
		7C7950D213E81EA6001950EA /* TrueOrFalseYesOrNo1.m in Sources */ = {isa = PBXBuildFile; fileRef = 7C7950D013E81EA6001950EA /* TrueOrFalseYesOrNo1.m */; };
		7C7950D713E81EB8001950EA /* FillTheBlanks.m in Sources */ = {isa = PBXBuildFile; fileRef = 7C7950D413E81EB8001950EA /* FillTheBlanks.m */; };
		7C7950D813E81EB8001950EA /* FillTheBlanks1.m in Sources */ = {isa = PBXBuildFile; fileRef = 7C7950D613E81EB8001950EA /* FillTheBlanks1.m */; };
		7C7950DD13E81EDE001950EA /* lk_QuestionListsCell.m in Sources */ = {isa = PBXBuildFile; fileRef = 7C7950DA13E81EDE001950EA /* lk_QuestionListsCell.m */; };
		7C7950DE13E81EDE001950EA /* lk_TopicsCell.m in Sources */ = {isa = PBXBuildFile; fileRef = 7C7950DC13E81EDE001950EA /* lk_TopicsCell.m */; };
		7C7950E113E81EFB001950EA /* WebViewInCell.m in Sources */ = {isa = PBXBuildFile; fileRef = 7C7950E013E81EFB001950EA /* WebViewInCell.m */; };
		7C7950EF13E82123001950EA /* 60-signpost.png in Resources */ = {isa = PBXBuildFile; fileRef = 7C7950EE13E82123001950EA /* 60-signpost.png */; };
		7C7950F113E82135001950EA /* buynow.jpeg in Resources */ = {isa = PBXBuildFile; fileRef = 7C7950F013E82135001950EA /* buynow.jpeg */; };
		7C7950F313E82143001950EA /* 80-shopping-cart.png in Resources */ = {isa = PBXBuildFile; fileRef = 7C7950F213E82143001950EA /* 80-shopping-cart.png */; };
		7C7950F513E82153001950EA /* LearnersCloudLogo.png in Resources */ = {isa = PBXBuildFile; fileRef = 7C7950F413E82153001950EA /* LearnersCloudLogo.png */; };
		7C7950F713E82162001950EA /* 130-dice.png in Resources */ = {isa = PBXBuildFile; fileRef = 7C7950F613E82162001950EA /* 130-dice.png */; };
		7C7950F913E8216F001950EA /* 44-shoebox.png in Resources */ = {isa = PBXBuildFile; fileRef = 7C7950F813E8216F001950EA /* 44-shoebox.png */; };
		7C7950FB13E8217C001950EA /* 20-gear2.png in Resources */ = {isa = PBXBuildFile; fileRef = 7C7950FA13E8217C001950EA /* 20-gear2.png */; };
		7C7950FD13E8218A001950EA /* 10-medical.png in Resources */ = {isa = PBXBuildFile; fileRef = 7C7950FC13E8218A001950EA /* 10-medical.png */; };
		7C79510013E821A8001950EA /* Start.m in Sources */ = {isa = PBXBuildFile; fileRef = 7C7950FF13E821A8001950EA /* Start.m */; };
		7C79510313E821B8001950EA /* ClientEngine.m in Sources */ = {isa = PBXBuildFile; fileRef = 7C79510213E821B8001950EA /* ClientEngine.m */; };
		7C79510613E821CD001950EA /* ClientAnswers.m in Sources */ = {isa = PBXBuildFile; fileRef = 7C79510513E821CD001950EA /* ClientAnswers.m */; };
		7C79510913E821F9001950EA /* AdminDashBoard.m in Sources */ = {isa = PBXBuildFile; fileRef = 7C79510813E821F9001950EA /* AdminDashBoard.m */; };
		7C79510C13E82209001950EA /* lk_QuestionLists.m in Sources */ = {isa = PBXBuildFile; fileRef = 7C79510B13E82209001950EA /* lk_QuestionLists.m */; };
		7C79510E13E82218001950EA /* lk_QuestionListHeader.xib in Resources */ = {isa = PBXBuildFile; fileRef = 7C79510D13E82218001950EA /* lk_QuestionListHeader.xib */; };
		7C79511213E82227001950EA /* lk_Topics.m in Sources */ = {isa = PBXBuildFile; fileRef = 7C79511013E82227001950EA /* lk_Topics.m */; };
		7C79511313E82227001950EA /* lk_Topics.xib in Resources */ = {isa = PBXBuildFile; fileRef = 7C79511113E82227001950EA /* lk_Topics.xib */; };
		7C79511613E822F3001950EA /* SelectQuestionTemplate.m in Sources */ = {isa = PBXBuildFile; fileRef = 7C79511513E822F3001950EA /* SelectQuestionTemplate.m */; };
		7C79511913E82306001950EA /* SelectTopic.m in Sources */ = {isa = PBXBuildFile; fileRef = 7C79511813E82306001950EA /* SelectTopic.m */; };
		7C79511C13E82317001950EA /* SelectAllocatedMarks.m in Sources */ = {isa = PBXBuildFile; fileRef = 7C79511B13E82317001950EA /* SelectAllocatedMarks.m */; };
		7C79511F13E82329001950EA /* SelectDifficulty.m in Sources */ = {isa = PBXBuildFile; fileRef = 7C79511E13E82328001950EA /* SelectDifficulty.m */; };
		7C79512213E8233B001950EA /* ViewQuestionList.m in Sources */ = {isa = PBXBuildFile; fileRef = 7C79512113E8233B001950EA /* ViewQuestionList.m */; };
		7C79512513E82350001950EA /* Report.m in Sources */ = {isa = PBXBuildFile; fileRef = 7C79512413E82350001950EA /* Report.m */; };
		7C79512813E82360001950EA /* CheckExistingFiles.m in Sources */ = {isa = PBXBuildFile; fileRef = 7C79512713E82360001950EA /* CheckExistingFiles.m */; };
		7C79512B13E82370001950EA /* Help.m in Sources */ = {isa = PBXBuildFile; fileRef = 7C79512A13E82370001950EA /* Help.m */; };
		7C79512E13E82380001950EA /* CopyrightLicense.m in Sources */ = {isa = PBXBuildFile; fileRef = 7C79512D13E82380001950EA /* CopyrightLicense.m */; };
		7C79513113E82390001950EA /* HelpVideo.m in Sources */ = {isa = PBXBuildFile; fileRef = 7C79513013E82390001950EA /* HelpVideo.m */; };
		7C79513413E8239E001950EA /* Attribution.m in Sources */ = {isa = PBXBuildFile; fileRef = 7C79513313E8239E001950EA /* Attribution.m */; };
		7C79513713E823AE001950EA /* Buy.m in Sources */ = {isa = PBXBuildFile; fileRef = 7C79513613E823AE001950EA /* Buy.m */; };
		7C79513A13E823C3001950EA /* CustomStoreObserver.m in Sources */ = {isa = PBXBuildFile; fileRef = 7C79513913E823C3001950EA /* CustomStoreObserver.m */; };
		7C79513D13E823D4001950EA /* LearnersCloudSamplesVideos.m in Sources */ = {isa = PBXBuildFile; fileRef = 7C79513C13E823D4001950EA /* LearnersCloudSamplesVideos.m */; };
		7C79514013E823E5001950EA /* VideoPlayer.m in Sources */ = {isa = PBXBuildFile; fileRef = 7C79513F13E823E5001950EA /* VideoPlayer.m */; };
		7C79514213E82411001950EA /* AttributionIpad.pdf in Resources */ = {isa = PBXBuildFile; fileRef = 7C79514113E82411001950EA /* AttributionIpad.pdf */; };
		7C79514413E82427001950EA /* Results.xml in Resources */ = {isa = PBXBuildFile; fileRef = 7C79514313E82427001950EA /* Results.xml */; };
		7C79514613E82434001950EA /* DescriptiveAnswers.xml in Resources */ = {isa = PBXBuildFile; fileRef = 7C79514513E82434001950EA /* DescriptiveAnswers.xml */; };
		7C79514B13E824AF001950EA /* GCSEEnglish.sqlite in Resources */ = {isa = PBXBuildFile; fileRef = 7C79514A13E824AF001950EA /* GCSEEnglish.sqlite */; };
		7C79515013E82FC8001950EA /* Settings.bundle in Resources */ = {isa = PBXBuildFile; fileRef = 7C79514F13E82FC7001950EA /* Settings.bundle */; };
		7C79516013E83437001950EA /* Uploads.m in Sources */ = {isa = PBXBuildFile; fileRef = 7C79515E13E83437001950EA /* Uploads.m */; };
		7C79516613E83DAD001950EA /* AudioToolbox.framework in Frameworks */ = {isa = PBXBuildFile; fileRef = 7C79516513E83DAD001950EA /* AudioToolbox.framework */; };
		7C79516813E83E04001950EA /* MediaPlayer.framework in Frameworks */ = {isa = PBXBuildFile; fileRef = 7C79516713E83E04001950EA /* MediaPlayer.framework */; };
		7C79516A13E83E0E001950EA /* MessageUI.framework in Frameworks */ = {isa = PBXBuildFile; fileRef = 7C79516913E83E0E001950EA /* MessageUI.framework */; };
		7C79516C13E83E1C001950EA /* QuartzCore.framework in Frameworks */ = {isa = PBXBuildFile; fileRef = 7C79516B13E83E1C001950EA /* QuartzCore.framework */; };
		7C79516E13E83E26001950EA /* StoreKit.framework in Frameworks */ = {isa = PBXBuildFile; fileRef = 7C79516D13E83E26001950EA /* StoreKit.framework */; };
		7C79517013E8503E001950EA /* SystemConfiguration.framework in Frameworks */ = {isa = PBXBuildFile; fileRef = 7C79516F13E8503E001950EA /* SystemConfiguration.framework */; };
		7C79517413E85373001950EA /* libsqlite3.dylib in Frameworks */ = {isa = PBXBuildFile; fileRef = 7C79517313E85373001950EA /* libsqlite3.dylib */; };
		7C8AAA9613E6ECE900C70B2E /* UIKit.framework in Frameworks */ = {isa = PBXBuildFile; fileRef = 7C8AAA9513E6ECE900C70B2E /* UIKit.framework */; };
		7C8AAA9813E6ECE900C70B2E /* Foundation.framework in Frameworks */ = {isa = PBXBuildFile; fileRef = 7C8AAA9713E6ECE900C70B2E /* Foundation.framework */; };
		7C8AAA9A13E6ECE900C70B2E /* CoreGraphics.framework in Frameworks */ = {isa = PBXBuildFile; fileRef = 7C8AAA9913E6ECE900C70B2E /* CoreGraphics.framework */; };
		7C8AAA9C13E6ECE900C70B2E /* CoreData.framework in Frameworks */ = {isa = PBXBuildFile; fileRef = 7C8AAA9B13E6ECE900C70B2E /* CoreData.framework */; };
		7C8AAAA213E6ECE900C70B2E /* InfoPlist.strings in Resources */ = {isa = PBXBuildFile; fileRef = 7C8AAAA013E6ECE900C70B2E /* InfoPlist.strings */; };
		7C8AAAA413E6ECE900C70B2E /* main.m in Sources */ = {isa = PBXBuildFile; fileRef = 7C8AAAA313E6ECE900C70B2E /* main.m */; };
		7C934D7713EA8DE1009CAF38 /* Evaluator.xcdatamodel in Sources */ = {isa = PBXBuildFile; fileRef = 7C934D7613EA8DE1009CAF38 /* Evaluator.xcdatamodel */; };
/* End PBXBuildFile section */

/* Begin PBXFileReference section */
		7C79506113E80979001950EA /* Icon@2x.png */ = {isa = PBXFileReference; lastKnownFileType = image.png; path = "Icon@2x.png"; sourceTree = "<group>"; };
		7C79506213E80979001950EA /* Icon.png */ = {isa = PBXFileReference; lastKnownFileType = image.png; path = Icon.png; sourceTree = "<group>"; };
		7C79506513E809C0001950EA /* Icon-72.png */ = {isa = PBXFileReference; lastKnownFileType = image.png; path = "Icon-72.png"; sourceTree = "<group>"; };
		7C79506713E809F9001950EA /* Icon-Small-50.png */ = {isa = PBXFileReference; lastKnownFileType = image.png; path = "Icon-Small-50.png"; sourceTree = "<group>"; };
		7C79506C13E80D08001950EA /* iTunesArtwork */ = {isa = PBXFileReference; lastKnownFileType = file; path = iTunesArtwork; sourceTree = "<group>"; };
		7C79506E13E80D68001950EA /* Maths.m4v */ = {isa = PBXFileReference; lastKnownFileType = file; path = Maths.m4v; sourceTree = "<group>"; };
		7C79507013E80D7D001950EA /* ITest U Video.m4v */ = {isa = PBXFileReference; lastKnownFileType = file; path = "ITest U Video.m4v"; sourceTree = "<group>"; };
		7C79507213E80D92001950EA /* Physics.m4v */ = {isa = PBXFileReference; lastKnownFileType = file; path = Physics.m4v; sourceTree = "<group>"; };
		7C79507413E80DAF001950EA /* English.m4v */ = {isa = PBXFileReference; lastKnownFileType = file; path = English.m4v; sourceTree = "<group>"; };
		7C79507613E80DBD001950EA /* ArrowWoodImpact.aiff */ = {isa = PBXFileReference; lastKnownFileType = audio.aiff; path = ArrowWoodImpact.aiff; sourceTree = "<group>"; };
		7C79507813E80DCD001950EA /* Chemistry.m4v */ = {isa = PBXFileReference; lastKnownFileType = file; path = Chemistry.m4v; sourceTree = "<group>"; };
		7C79507A13E80DE4001950EA /* Cough.aiff */ = {isa = PBXFileReference; lastKnownFileType = audio.aiff; path = Cough.aiff; sourceTree = "<group>"; };
		7C79507C13E80DF9001950EA /* Clapping.aiff */ = {isa = PBXFileReference; lastKnownFileType = audio.aiff; path = Clapping.aiff; sourceTree = "<group>"; };
		7C79507E13E80E55001950EA /* 45-movie1.png */ = {isa = PBXFileReference; lastKnownFileType = image.png; path = "45-movie1.png"; sourceTree = "<group>"; };
		7C79508013E80EBE001950EA /* From250.plist */ = {isa = PBXFileReference; fileEncoding = 4; lastKnownFileType = text.plist.xml; path = From250.plist; sourceTree = "<group>"; };
		7C79508113E80EBE001950EA /* From500.plist */ = {isa = PBXFileReference; fileEncoding = 4; lastKnownFileType = text.plist.xml; path = From500.plist; sourceTree = "<group>"; };
		7C79508213E80EBE001950EA /* From750.plist */ = {isa = PBXFileReference; fileEncoding = 4; lastKnownFileType = text.plist.xml; path = From750.plist; sourceTree = "<group>"; };
		7C79508313E80EBE001950EA /* FromFree.plist */ = {isa = PBXFileReference; fileEncoding = 4; lastKnownFileType = text.plist.xml; path = FromFree.plist; sourceTree = "<group>"; };
		7C79508813E80F07001950EA /* Default-Landscape.png */ = {isa = PBXFileReference; lastKnownFileType = image.png; path = "Default-Landscape.png"; sourceTree = "<group>"; };
		7C79508913E80F07001950EA /* Default-LandscapeLeft.png */ = {isa = PBXFileReference; lastKnownFileType = image.png; path = "Default-LandscapeLeft.png"; sourceTree = "<group>"; };
		7C79508A13E80F07001950EA /* Default-LandscapeRight.png */ = {isa = PBXFileReference; lastKnownFileType = image.png; path = "Default-LandscapeRight.png"; sourceTree = "<group>"; };
		7C79508B13E80F07001950EA /* Default-Portrait.png */ = {isa = PBXFileReference; lastKnownFileType = image.png; path = "Default-Portrait.png"; sourceTree = "<group>"; };
		7C79508C13E80F07001950EA /* Default-PortraitUpsideDown.png */ = {isa = PBXFileReference; lastKnownFileType = image.png; path = "Default-PortraitUpsideDown.png"; sourceTree = "<group>"; };
		7C79509213E80F30001950EA /* Graph_Ipad.png */ = {isa = PBXFileReference; lastKnownFileType = image.png; path = Graph_Ipad.png; sourceTree = "<group>"; };
		7C79509413E80F48001950EA /* Maths.png */ = {isa = PBXFileReference; lastKnownFileType = image.png; path = Maths.png; sourceTree = "<group>"; };
		7C79509613E80F7C001950EA /* English.png */ = {isa = PBXFileReference; lastKnownFileType = image.png; path = English.png; sourceTree = "<group>"; };
		7C79509813E80F91001950EA /* Physics.png */ = {isa = PBXFileReference; lastKnownFileType = image.png; path = Physics.png; sourceTree = "<group>"; };
		7C79509A13E80FA6001950EA /* Chemistry.png */ = {isa = PBXFileReference; lastKnownFileType = image.png; path = Chemistry.png; sourceTree = "<group>"; };
		7C79509C13E81C86001950EA /* MainWindow.xib */ = {isa = PBXFileReference; fileEncoding = 4; lastKnownFileType = file.xib; path = MainWindow.xib; sourceTree = "<group>"; };
		7C79509E13E81CC3001950EA /* EvaluatorAppDelegate.h */ = {isa = PBXFileReference; fileEncoding = 4; lastKnownFileType = sourcecode.c.h; path = EvaluatorAppDelegate.h; sourceTree = "<group>"; };
		7C79509F13E81CC3001950EA /* EvaluatorAppDelegate.m */ = {isa = PBXFileReference; fileEncoding = 4; lastKnownFileType = sourcecode.c.objc; path = EvaluatorAppDelegate.m; sourceTree = "<group>"; };
		7C7950A113E81CEE001950EA /* TabBar.h */ = {isa = PBXFileReference; fileEncoding = 4; lastKnownFileType = sourcecode.c.h; path = TabBar.h; sourceTree = "<group>"; };
		7C7950A213E81CEE001950EA /* TabBar.m */ = {isa = PBXFileReference; fileEncoding = 4; lastKnownFileType = sourcecode.c.objc; path = TabBar.m; sourceTree = "<group>"; };
		7C7950A413E81D12001950EA /* ActivityIndicator.h */ = {isa = PBXFileReference; fileEncoding = 4; lastKnownFileType = sourcecode.c.h; path = ActivityIndicator.h; sourceTree = "<group>"; };
		7C7950A513E81D12001950EA /* ActivityIndicator.m */ = {isa = PBXFileReference; fileEncoding = 4; lastKnownFileType = sourcecode.c.objc; path = ActivityIndicator.m; sourceTree = "<group>"; };
		7C7950A713E81D7C001950EA /* Answers.h */ = {isa = PBXFileReference; fileEncoding = 4; lastKnownFileType = sourcecode.c.h; path = Answers.h; sourceTree = "<group>"; };
		7C7950A813E81D7C001950EA /* Answers.m */ = {isa = PBXFileReference; fileEncoding = 4; lastKnownFileType = sourcecode.c.objc; path = Answers.m; sourceTree = "<group>"; };
		7C7950A913E81D7C001950EA /* DBVersion.h */ = {isa = PBXFileReference; fileEncoding = 4; lastKnownFileType = sourcecode.c.h; path = DBVersion.h; sourceTree = "<group>"; };
		7C7950AA13E81D7C001950EA /* DBVersion.m */ = {isa = PBXFileReference; fileEncoding = 4; lastKnownFileType = sourcecode.c.objc; path = DBVersion.m; sourceTree = "<group>"; };
		7C7950AC13E81D7C001950EA /* lk_QuestionTemplate.h */ = {isa = PBXFileReference; fileEncoding = 4; lastKnownFileType = sourcecode.c.h; path = lk_QuestionTemplate.h; sourceTree = "<group>"; };
		7C7950AD13E81D7C001950EA /* lk_QuestionTemplate.m */ = {isa = PBXFileReference; fileEncoding = 4; lastKnownFileType = sourcecode.c.objc; path = lk_QuestionTemplate.m; sourceTree = "<group>"; };
		7C7950AE13E81D7C001950EA /* QuestionHeader.h */ = {isa = PBXFileReference; fileEncoding = 4; lastKnownFileType = sourcecode.c.h; path = QuestionHeader.h; sourceTree = "<group>"; };
		7C7950AF13E81D7C001950EA /* QuestionHeader.m */ = {isa = PBXFileReference; fileEncoding = 4; lastKnownFileType = sourcecode.c.objc; path = QuestionHeader.m; sourceTree = "<group>"; };
		7C7950B013E81D7C001950EA /* QuestionItems.h */ = {isa = PBXFileReference; fileEncoding = 4; lastKnownFileType = sourcecode.c.h; path = QuestionItems.h; sourceTree = "<group>"; };
		7C7950B113E81D7C001950EA /* QuestionItems.m */ = {isa = PBXFileReference; fileEncoding = 4; lastKnownFileType = sourcecode.c.objc; path = QuestionItems.m; sourceTree = "<group>"; };
		7C7950B213E81D7C001950EA /* Topics.h */ = {isa = PBXFileReference; fileEncoding = 4; lastKnownFileType = sourcecode.c.h; path = Topics.h; sourceTree = "<group>"; };
		7C7950B313E81D7C001950EA /* Topics.m */ = {isa = PBXFileReference; fileEncoding = 4; lastKnownFileType = sourcecode.c.objc; path = Topics.m; sourceTree = "<group>"; };
		7C7950BB13E81E0E001950EA /* CustomPickerDataSource_Num_Questions.h */ = {isa = PBXFileReference; fileEncoding = 4; lastKnownFileType = sourcecode.c.h; path = CustomPickerDataSource_Num_Questions.h; sourceTree = "<group>"; };
		7C7950BC13E81E0E001950EA /* CustomPickerDataSource_Num_Questions.m */ = {isa = PBXFileReference; fileEncoding = 4; lastKnownFileType = sourcecode.c.objc; path = CustomPickerDataSource_Num_Questions.m; sourceTree = "<group>"; };
		7C7950C113E81E77001950EA /* MultipleChoiceSingleAnswer.h */ = {isa = PBXFileReference; fileEncoding = 4; lastKnownFileType = sourcecode.c.h; path = MultipleChoiceSingleAnswer.h; sourceTree = "<group>"; };
		7C7950C213E81E77001950EA /* MultipleChoiceSingleAnswer.m */ = {isa = PBXFileReference; fileEncoding = 4; lastKnownFileType = sourcecode.c.objc; path = MultipleChoiceSingleAnswer.m; sourceTree = "<group>"; };
		7C7950C313E81E77001950EA /* MultipleChoiceSingleAnswer1.h */ = {isa = PBXFileReference; fileEncoding = 4; lastKnownFileType = sourcecode.c.h; path = MultipleChoiceSingleAnswer1.h; sourceTree = "<group>"; };
		7C7950C413E81E77001950EA /* MultipleChoiceSingleAnswer1.m */ = {isa = PBXFileReference; fileEncoding = 4; lastKnownFileType = sourcecode.c.objc; path = MultipleChoiceSingleAnswer1.m; sourceTree = "<group>"; };
		7C7950C713E81E8F001950EA /* DescriptiveType.h */ = {isa = PBXFileReference; fileEncoding = 4; lastKnownFileType = sourcecode.c.h; path = DescriptiveType.h; sourceTree = "<group>"; };
		7C7950C813E81E8F001950EA /* DescriptiveType.m */ = {isa = PBXFileReference; fileEncoding = 4; lastKnownFileType = sourcecode.c.objc; path = DescriptiveType.m; sourceTree = "<group>"; };
		7C7950C913E81E8F001950EA /* DescriptiveType1.h */ = {isa = PBXFileReference; fileEncoding = 4; lastKnownFileType = sourcecode.c.h; path = DescriptiveType1.h; sourceTree = "<group>"; };
		7C7950CA13E81E8F001950EA /* DescriptiveType1.m */ = {isa = PBXFileReference; fileEncoding = 4; lastKnownFileType = sourcecode.c.objc; path = DescriptiveType1.m; sourceTree = "<group>"; };
		7C7950CD13E81EA6001950EA /* TrueOrFalseYesOrNo.h */ = {isa = PBXFileReference; fileEncoding = 4; lastKnownFileType = sourcecode.c.h; path = TrueOrFalseYesOrNo.h; sourceTree = "<group>"; };
		7C7950CE13E81EA6001950EA /* TrueOrFalseYesOrNo.m */ = {isa = PBXFileReference; fileEncoding = 4; lastKnownFileType = sourcecode.c.objc; path = TrueOrFalseYesOrNo.m; sourceTree = "<group>"; };
		7C7950CF13E81EA6001950EA /* TrueOrFalseYesOrNo1.h */ = {isa = PBXFileReference; fileEncoding = 4; lastKnownFileType = sourcecode.c.h; path = TrueOrFalseYesOrNo1.h; sourceTree = "<group>"; };
		7C7950D013E81EA6001950EA /* TrueOrFalseYesOrNo1.m */ = {isa = PBXFileReference; fileEncoding = 4; lastKnownFileType = sourcecode.c.objc; path = TrueOrFalseYesOrNo1.m; sourceTree = "<group>"; };
		7C7950D313E81EB8001950EA /* FillTheBlanks.h */ = {isa = PBXFileReference; fileEncoding = 4; lastKnownFileType = sourcecode.c.h; path = FillTheBlanks.h; sourceTree = "<group>"; };
		7C7950D413E81EB8001950EA /* FillTheBlanks.m */ = {isa = PBXFileReference; fileEncoding = 4; lastKnownFileType = sourcecode.c.objc; path = FillTheBlanks.m; sourceTree = "<group>"; };
		7C7950D513E81EB8001950EA /* FillTheBlanks1.h */ = {isa = PBXFileReference; fileEncoding = 4; lastKnownFileType = sourcecode.c.h; path = FillTheBlanks1.h; sourceTree = "<group>"; };
		7C7950D613E81EB8001950EA /* FillTheBlanks1.m */ = {isa = PBXFileReference; fileEncoding = 4; lastKnownFileType = sourcecode.c.objc; path = FillTheBlanks1.m; sourceTree = "<group>"; };
		7C7950D913E81EDE001950EA /* lk_QuestionListsCell.h */ = {isa = PBXFileReference; fileEncoding = 4; lastKnownFileType = sourcecode.c.h; path = lk_QuestionListsCell.h; sourceTree = "<group>"; };
		7C7950DA13E81EDE001950EA /* lk_QuestionListsCell.m */ = {isa = PBXFileReference; fileEncoding = 4; lastKnownFileType = sourcecode.c.objc; path = lk_QuestionListsCell.m; sourceTree = "<group>"; };
		7C7950DB13E81EDE001950EA /* lk_TopicsCell.h */ = {isa = PBXFileReference; fileEncoding = 4; lastKnownFileType = sourcecode.c.h; path = lk_TopicsCell.h; sourceTree = "<group>"; };
		7C7950DC13E81EDE001950EA /* lk_TopicsCell.m */ = {isa = PBXFileReference; fileEncoding = 4; lastKnownFileType = sourcecode.c.objc; path = lk_TopicsCell.m; sourceTree = "<group>"; };
		7C7950DF13E81EFB001950EA /* WebViewInCell.h */ = {isa = PBXFileReference; fileEncoding = 4; lastKnownFileType = sourcecode.c.h; path = WebViewInCell.h; sourceTree = "<group>"; };
		7C7950E013E81EFB001950EA /* WebViewInCell.m */ = {isa = PBXFileReference; fileEncoding = 4; lastKnownFileType = sourcecode.c.objc; path = WebViewInCell.m; sourceTree = "<group>"; };
		7C7950EE13E82123001950EA /* 60-signpost.png */ = {isa = PBXFileReference; lastKnownFileType = image.png; path = "60-signpost.png"; sourceTree = "<group>"; };
		7C7950F013E82135001950EA /* buynow.jpeg */ = {isa = PBXFileReference; lastKnownFileType = image.jpeg; path = buynow.jpeg; sourceTree = "<group>"; };
		7C7950F213E82143001950EA /* 80-shopping-cart.png */ = {isa = PBXFileReference; lastKnownFileType = image.png; path = "80-shopping-cart.png"; sourceTree = "<group>"; };
		7C7950F413E82153001950EA /* LearnersCloudLogo.png */ = {isa = PBXFileReference; lastKnownFileType = image.png; path = LearnersCloudLogo.png; sourceTree = "<group>"; };
		7C7950F613E82162001950EA /* 130-dice.png */ = {isa = PBXFileReference; lastKnownFileType = image.png; path = "130-dice.png"; sourceTree = "<group>"; };
		7C7950F813E8216F001950EA /* 44-shoebox.png */ = {isa = PBXFileReference; lastKnownFileType = image.png; path = "44-shoebox.png"; sourceTree = "<group>"; };
		7C7950FA13E8217C001950EA /* 20-gear2.png */ = {isa = PBXFileReference; lastKnownFileType = image.png; path = "20-gear2.png"; sourceTree = "<group>"; };
		7C7950FC13E8218A001950EA /* 10-medical.png */ = {isa = PBXFileReference; lastKnownFileType = image.png; path = "10-medical.png"; sourceTree = "<group>"; };
		7C7950FE13E821A8001950EA /* Start.h */ = {isa = PBXFileReference; fileEncoding = 4; lastKnownFileType = sourcecode.c.h; path = Start.h; sourceTree = "<group>"; };
		7C7950FF13E821A8001950EA /* Start.m */ = {isa = PBXFileReference; fileEncoding = 4; lastKnownFileType = sourcecode.c.objc; path = Start.m; sourceTree = "<group>"; };
		7C79510113E821B8001950EA /* ClientEngine.h */ = {isa = PBXFileReference; fileEncoding = 4; lastKnownFileType = sourcecode.c.h; path = ClientEngine.h; sourceTree = "<group>"; };
		7C79510213E821B8001950EA /* ClientEngine.m */ = {isa = PBXFileReference; fileEncoding = 4; lastKnownFileType = sourcecode.c.objc; path = ClientEngine.m; sourceTree = "<group>"; };
		7C79510413E821CD001950EA /* ClientAnswers.h */ = {isa = PBXFileReference; fileEncoding = 4; lastKnownFileType = sourcecode.c.h; path = ClientAnswers.h; sourceTree = "<group>"; };
		7C79510513E821CD001950EA /* ClientAnswers.m */ = {isa = PBXFileReference; fileEncoding = 4; lastKnownFileType = sourcecode.c.objc; path = ClientAnswers.m; sourceTree = "<group>"; };
		7C79510713E821F9001950EA /* AdminDashBoard.h */ = {isa = PBXFileReference; fileEncoding = 4; lastKnownFileType = sourcecode.c.h; path = AdminDashBoard.h; sourceTree = "<group>"; };
		7C79510813E821F9001950EA /* AdminDashBoard.m */ = {isa = PBXFileReference; fileEncoding = 4; lastKnownFileType = sourcecode.c.objc; path = AdminDashBoard.m; sourceTree = "<group>"; };
		7C79510A13E82209001950EA /* lk_QuestionLists.h */ = {isa = PBXFileReference; fileEncoding = 4; lastKnownFileType = sourcecode.c.h; path = lk_QuestionLists.h; sourceTree = "<group>"; };
		7C79510B13E82209001950EA /* lk_QuestionLists.m */ = {isa = PBXFileReference; fileEncoding = 4; lastKnownFileType = sourcecode.c.objc; path = lk_QuestionLists.m; sourceTree = "<group>"; };
		7C79510D13E82218001950EA /* lk_QuestionListHeader.xib */ = {isa = PBXFileReference; fileEncoding = 4; lastKnownFileType = file.xib; path = lk_QuestionListHeader.xib; sourceTree = "<group>"; };
		7C79510F13E82227001950EA /* lk_Topics.h */ = {isa = PBXFileReference; fileEncoding = 4; lastKnownFileType = sourcecode.c.h; path = lk_Topics.h; sourceTree = "<group>"; };
		7C79511013E82227001950EA /* lk_Topics.m */ = {isa = PBXFileReference; fileEncoding = 4; lastKnownFileType = sourcecode.c.objc; path = lk_Topics.m; sourceTree = "<group>"; };
		7C79511113E82227001950EA /* lk_Topics.xib */ = {isa = PBXFileReference; fileEncoding = 4; lastKnownFileType = file.xib; path = lk_Topics.xib; sourceTree = "<group>"; };
		7C79511413E822F3001950EA /* SelectQuestionTemplate.h */ = {isa = PBXFileReference; fileEncoding = 4; lastKnownFileType = sourcecode.c.h; path = SelectQuestionTemplate.h; sourceTree = "<group>"; };
		7C79511513E822F3001950EA /* SelectQuestionTemplate.m */ = {isa = PBXFileReference; fileEncoding = 4; lastKnownFileType = sourcecode.c.objc; path = SelectQuestionTemplate.m; sourceTree = "<group>"; };
		7C79511713E82306001950EA /* SelectTopic.h */ = {isa = PBXFileReference; fileEncoding = 4; lastKnownFileType = sourcecode.c.h; path = SelectTopic.h; sourceTree = "<group>"; };
		7C79511813E82306001950EA /* SelectTopic.m */ = {isa = PBXFileReference; fileEncoding = 4; lastKnownFileType = sourcecode.c.objc; path = SelectTopic.m; sourceTree = "<group>"; };
		7C79511A13E82317001950EA /* SelectAllocatedMarks.h */ = {isa = PBXFileReference; fileEncoding = 4; lastKnownFileType = sourcecode.c.h; path = SelectAllocatedMarks.h; sourceTree = "<group>"; };
		7C79511B13E82317001950EA /* SelectAllocatedMarks.m */ = {isa = PBXFileReference; fileEncoding = 4; lastKnownFileType = sourcecode.c.objc; path = SelectAllocatedMarks.m; sourceTree = "<group>"; };
		7C79511D13E82328001950EA /* SelectDifficulty.h */ = {isa = PBXFileReference; fileEncoding = 4; lastKnownFileType = sourcecode.c.h; path = SelectDifficulty.h; sourceTree = "<group>"; };
		7C79511E13E82328001950EA /* SelectDifficulty.m */ = {isa = PBXFileReference; fileEncoding = 4; lastKnownFileType = sourcecode.c.objc; path = SelectDifficulty.m; sourceTree = "<group>"; };
		7C79512013E8233B001950EA /* ViewQuestionList.h */ = {isa = PBXFileReference; fileEncoding = 4; lastKnownFileType = sourcecode.c.h; path = ViewQuestionList.h; sourceTree = "<group>"; };
		7C79512113E8233B001950EA /* ViewQuestionList.m */ = {isa = PBXFileReference; fileEncoding = 4; lastKnownFileType = sourcecode.c.objc; path = ViewQuestionList.m; sourceTree = "<group>"; };
		7C79512313E82350001950EA /* Report.h */ = {isa = PBXFileReference; fileEncoding = 4; lastKnownFileType = sourcecode.c.h; path = Report.h; sourceTree = "<group>"; };
		7C79512413E82350001950EA /* Report.m */ = {isa = PBXFileReference; fileEncoding = 4; lastKnownFileType = sourcecode.c.objc; path = Report.m; sourceTree = "<group>"; };
		7C79512613E82360001950EA /* CheckExistingFiles.h */ = {isa = PBXFileReference; fileEncoding = 4; lastKnownFileType = sourcecode.c.h; path = CheckExistingFiles.h; sourceTree = "<group>"; };
		7C79512713E82360001950EA /* CheckExistingFiles.m */ = {isa = PBXFileReference; fileEncoding = 4; lastKnownFileType = sourcecode.c.objc; path = CheckExistingFiles.m; sourceTree = "<group>"; };
		7C79512913E82370001950EA /* Help.h */ = {isa = PBXFileReference; fileEncoding = 4; lastKnownFileType = sourcecode.c.h; path = Help.h; sourceTree = "<group>"; };
		7C79512A13E82370001950EA /* Help.m */ = {isa = PBXFileReference; fileEncoding = 4; lastKnownFileType = sourcecode.c.objc; path = Help.m; sourceTree = "<group>"; };
		7C79512C13E82380001950EA /* CopyrightLicense.h */ = {isa = PBXFileReference; fileEncoding = 4; lastKnownFileType = sourcecode.c.h; path = CopyrightLicense.h; sourceTree = "<group>"; };
		7C79512D13E82380001950EA /* CopyrightLicense.m */ = {isa = PBXFileReference; fileEncoding = 4; lastKnownFileType = sourcecode.c.objc; path = CopyrightLicense.m; sourceTree = "<group>"; };
		7C79512F13E82390001950EA /* HelpVideo.h */ = {isa = PBXFileReference; fileEncoding = 4; lastKnownFileType = sourcecode.c.h; path = HelpVideo.h; sourceTree = "<group>"; };
		7C79513013E82390001950EA /* HelpVideo.m */ = {isa = PBXFileReference; fileEncoding = 4; lastKnownFileType = sourcecode.c.objc; path = HelpVideo.m; sourceTree = "<group>"; };
		7C79513213E8239E001950EA /* Attribution.h */ = {isa = PBXFileReference; fileEncoding = 4; lastKnownFileType = sourcecode.c.h; path = Attribution.h; sourceTree = "<group>"; };
		7C79513313E8239E001950EA /* Attribution.m */ = {isa = PBXFileReference; fileEncoding = 4; lastKnownFileType = sourcecode.c.objc; path = Attribution.m; sourceTree = "<group>"; };
		7C79513513E823AE001950EA /* Buy.h */ = {isa = PBXFileReference; fileEncoding = 4; lastKnownFileType = sourcecode.c.h; path = Buy.h; sourceTree = "<group>"; };
		7C79513613E823AE001950EA /* Buy.m */ = {isa = PBXFileReference; fileEncoding = 4; lastKnownFileType = sourcecode.c.objc; path = Buy.m; sourceTree = "<group>"; };
		7C79513813E823C3001950EA /* CustomStoreObserver.h */ = {isa = PBXFileReference; fileEncoding = 4; lastKnownFileType = sourcecode.c.h; path = CustomStoreObserver.h; sourceTree = "<group>"; };
		7C79513913E823C3001950EA /* CustomStoreObserver.m */ = {isa = PBXFileReference; fileEncoding = 4; lastKnownFileType = sourcecode.c.objc; path = CustomStoreObserver.m; sourceTree = "<group>"; };
		7C79513B13E823D4001950EA /* LearnersCloudSamplesVideos.h */ = {isa = PBXFileReference; fileEncoding = 4; lastKnownFileType = sourcecode.c.h; path = LearnersCloudSamplesVideos.h; sourceTree = "<group>"; };
		7C79513C13E823D4001950EA /* LearnersCloudSamplesVideos.m */ = {isa = PBXFileReference; fileEncoding = 4; lastKnownFileType = sourcecode.c.objc; path = LearnersCloudSamplesVideos.m; sourceTree = "<group>"; };
		7C79513E13E823E5001950EA /* VideoPlayer.h */ = {isa = PBXFileReference; fileEncoding = 4; lastKnownFileType = sourcecode.c.h; path = VideoPlayer.h; sourceTree = "<group>"; };
		7C79513F13E823E5001950EA /* VideoPlayer.m */ = {isa = PBXFileReference; fileEncoding = 4; lastKnownFileType = sourcecode.c.objc; path = VideoPlayer.m; sourceTree = "<group>"; };
		7C79514113E82411001950EA /* AttributionIpad.pdf */ = {isa = PBXFileReference; lastKnownFileType = image.pdf; path = AttributionIpad.pdf; sourceTree = "<group>"; };
		7C79514313E82427001950EA /* Results.xml */ = {isa = PBXFileReference; fileEncoding = 4; lastKnownFileType = text.xml; path = Results.xml; sourceTree = "<group>"; };
		7C79514513E82434001950EA /* DescriptiveAnswers.xml */ = {isa = PBXFileReference; fileEncoding = 4; lastKnownFileType = text.xml; path = DescriptiveAnswers.xml; sourceTree = "<group>"; };
		7C79514A13E824AF001950EA /* GCSEEnglish.sqlite */ = {isa = PBXFileReference; lastKnownFileType = file; path = GCSEEnglish.sqlite; sourceTree = "<group>"; };
		7C79514F13E82FC7001950EA /* Settings.bundle */ = {isa = PBXFileReference; lastKnownFileType = "wrapper.plug-in"; path = Settings.bundle; sourceTree = "<group>"; };
		7C79515E13E83437001950EA /* Uploads.m */ = {isa = PBXFileReference; fileEncoding = 4; lastKnownFileType = sourcecode.c.objc; path = Uploads.m; sourceTree = "<group>"; };
		7C79515F13E83437001950EA /* Uploads.h */ = {isa = PBXFileReference; fileEncoding = 4; lastKnownFileType = sourcecode.c.h; path = Uploads.h; sourceTree = "<group>"; };
		7C79516313E835E0001950EA /* AudioToolbox.framework */ = {isa = PBXFileReference; lastKnownFileType = wrapper.framework; name = AudioToolbox.framework; path = System/Library/Frameworks/AudioToolbox.framework; sourceTree = SDKROOT; };
		7C79516513E83DAD001950EA /* AudioToolbox.framework */ = {isa = PBXFileReference; lastKnownFileType = wrapper.framework; name = AudioToolbox.framework; path = System/Library/Frameworks/AudioToolbox.framework; sourceTree = SDKROOT; };
		7C79516713E83E04001950EA /* MediaPlayer.framework */ = {isa = PBXFileReference; lastKnownFileType = wrapper.framework; name = MediaPlayer.framework; path = System/Library/Frameworks/MediaPlayer.framework; sourceTree = SDKROOT; };
		7C79516913E83E0E001950EA /* MessageUI.framework */ = {isa = PBXFileReference; lastKnownFileType = wrapper.framework; name = MessageUI.framework; path = System/Library/Frameworks/MessageUI.framework; sourceTree = SDKROOT; };
		7C79516B13E83E1C001950EA /* QuartzCore.framework */ = {isa = PBXFileReference; lastKnownFileType = wrapper.framework; name = QuartzCore.framework; path = System/Library/Frameworks/QuartzCore.framework; sourceTree = SDKROOT; };
		7C79516D13E83E26001950EA /* StoreKit.framework */ = {isa = PBXFileReference; lastKnownFileType = wrapper.framework; name = StoreKit.framework; path = System/Library/Frameworks/StoreKit.framework; sourceTree = SDKROOT; };
		7C79516F13E8503E001950EA /* SystemConfiguration.framework */ = {isa = PBXFileReference; lastKnownFileType = wrapper.framework; name = SystemConfiguration.framework; path = System/Library/Frameworks/SystemConfiguration.framework; sourceTree = SDKROOT; };
		7C79517313E85373001950EA /* libsqlite3.dylib */ = {isa = PBXFileReference; lastKnownFileType = "compiled.mach-o.dylib"; name = libsqlite3.dylib; path = usr/lib/libsqlite3.dylib; sourceTree = SDKROOT; };
		7C8AAA9113E6ECE900C70B2E /* iTest U.app */ = {isa = PBXFileReference; explicitFileType = wrapper.application; includeInIndex = 0; path = "iTest U.app"; sourceTree = BUILT_PRODUCTS_DIR; };
		7C8AAA9513E6ECE900C70B2E /* UIKit.framework */ = {isa = PBXFileReference; lastKnownFileType = wrapper.framework; name = UIKit.framework; path = System/Library/Frameworks/UIKit.framework; sourceTree = SDKROOT; };
		7C8AAA9713E6ECE900C70B2E /* Foundation.framework */ = {isa = PBXFileReference; lastKnownFileType = wrapper.framework; name = Foundation.framework; path = System/Library/Frameworks/Foundation.framework; sourceTree = SDKROOT; };
		7C8AAA9913E6ECE900C70B2E /* CoreGraphics.framework */ = {isa = PBXFileReference; lastKnownFileType = wrapper.framework; name = CoreGraphics.framework; path = System/Library/Frameworks/CoreGraphics.framework; sourceTree = SDKROOT; };
		7C8AAA9B13E6ECE900C70B2E /* CoreData.framework */ = {isa = PBXFileReference; lastKnownFileType = wrapper.framework; name = CoreData.framework; path = System/Library/Frameworks/CoreData.framework; sourceTree = SDKROOT; };
		7C8AAA9F13E6ECE900C70B2E /* GCSEEnglishForiPad_svn-Info.plist */ = {isa = PBXFileReference; lastKnownFileType = text.plist.xml; name = "GCSEEnglishForiPad_svn-Info.plist"; path = "GCSEEnglishForiPad_svn/GCSEEnglishForiPad_svn-Info.plist"; sourceTree = "<group>"; };
		7C8AAAA113E6ECE900C70B2E /* en */ = {isa = PBXFileReference; lastKnownFileType = text.plist.strings; name = en; path = en.lproj/InfoPlist.strings; sourceTree = "<group>"; };
		7C8AAAA313E6ECE900C70B2E /* main.m */ = {isa = PBXFileReference; lastKnownFileType = sourcecode.c.objc; name = main.m; path = GCSEEnglishForiPad_svn/main.m; sourceTree = "<group>"; };
		7C8AAAA513E6ECE900C70B2E /* GCSEEnglishForiPad_svn-Prefix.pch */ = {isa = PBXFileReference; lastKnownFileType = sourcecode.c.h; name = "GCSEEnglishForiPad_svn-Prefix.pch"; path = "GCSEEnglishForiPad_svn/GCSEEnglishForiPad_svn-Prefix.pch"; sourceTree = "<group>"; };
		7C934D7613EA8DE1009CAF38 /* Evaluator.xcdatamodel */ = {isa = PBXFileReference; lastKnownFileType = wrapper.xcdatamodel; name = Evaluator.xcdatamodel; path = ../EvaluatorForIPad_svn/Evaluator.xcdatamodeld/Evaluator.xcdatamodel; sourceTree = "<group>"; };
/* End PBXFileReference section */

/* Begin PBXFrameworksBuildPhase section */
		7C8AAA8E13E6ECE900C70B2E /* Frameworks */ = {
			isa = PBXFrameworksBuildPhase;
			buildActionMask = 2147483647;
			files = (
				7C79517413E85373001950EA /* libsqlite3.dylib in Frameworks */,
				7C79517013E8503E001950EA /* SystemConfiguration.framework in Frameworks */,
				7C79516E13E83E26001950EA /* StoreKit.framework in Frameworks */,
				7C79516C13E83E1C001950EA /* QuartzCore.framework in Frameworks */,
				7C79516A13E83E0E001950EA /* MessageUI.framework in Frameworks */,
				7C79516813E83E04001950EA /* MediaPlayer.framework in Frameworks */,
				7C79516613E83DAD001950EA /* AudioToolbox.framework in Frameworks */,
				7C8AAA9613E6ECE900C70B2E /* UIKit.framework in Frameworks */,
				7C8AAA9813E6ECE900C70B2E /* Foundation.framework in Frameworks */,
				7C8AAA9A13E6ECE900C70B2E /* CoreGraphics.framework in Frameworks */,
				7C8AAA9C13E6ECE900C70B2E /* CoreData.framework in Frameworks */,
			);
			runOnlyForDeploymentPostprocessing = 0;
		};
/* End PBXFrameworksBuildPhase section */

/* Begin PBXGroup section */
		7C79505113E800DD001950EA /* App Files */ = {
			isa = PBXGroup;
			children = (
				7C79514A13E824AF001950EA /* GCSEEnglish.sqlite */,
				7C79514113E82411001950EA /* AttributionIpad.pdf */,
				7C79514313E82427001950EA /* Results.xml */,
				7C79514513E82434001950EA /* DescriptiveAnswers.xml */,
			);
			name = "App Files";
			sourceTree = "<group>";
		};
		7C79505313E8010A001950EA /* Classes */ = {
			isa = PBXGroup;
			children = (
				7C79510713E821F9001950EA /* AdminDashBoard.h */,
				7C79510813E821F9001950EA /* AdminDashBoard.m */,
				7C79510A13E82209001950EA /* lk_QuestionLists.h */,
				7C79510B13E82209001950EA /* lk_QuestionLists.m */,
				7C79510D13E82218001950EA /* lk_QuestionListHeader.xib */,
				7C79510F13E82227001950EA /* lk_Topics.h */,
				7C79511013E82227001950EA /* lk_Topics.m */,
				7C79511113E82227001950EA /* lk_Topics.xib */,
				7C79511413E822F3001950EA /* SelectQuestionTemplate.h */,
				7C79511513E822F3001950EA /* SelectQuestionTemplate.m */,
				7C79511713E82306001950EA /* SelectTopic.h */,
				7C79511813E82306001950EA /* SelectTopic.m */,
				7C79511A13E82317001950EA /* SelectAllocatedMarks.h */,
				7C79511B13E82317001950EA /* SelectAllocatedMarks.m */,
				7C79511D13E82328001950EA /* SelectDifficulty.h */,
				7C79511E13E82328001950EA /* SelectDifficulty.m */,
				7C79512013E8233B001950EA /* ViewQuestionList.h */,
				7C79512113E8233B001950EA /* ViewQuestionList.m */,
				7C79512313E82350001950EA /* Report.h */,
				7C79512413E82350001950EA /* Report.m */,
				7C79512613E82360001950EA /* CheckExistingFiles.h */,
				7C79512713E82360001950EA /* CheckExistingFiles.m */,
				7C79512913E82370001950EA /* Help.h */,
				7C79512A13E82370001950EA /* Help.m */,
				7C79512C13E82380001950EA /* CopyrightLicense.h */,
				7C79512D13E82380001950EA /* CopyrightLicense.m */,
				7C79512F13E82390001950EA /* HelpVideo.h */,
				7C79513013E82390001950EA /* HelpVideo.m */,
				7C79513213E8239E001950EA /* Attribution.h */,
				7C79513313E8239E001950EA /* Attribution.m */,
				7C79513513E823AE001950EA /* Buy.h */,
				7C79513613E823AE001950EA /* Buy.m */,
				7C79513813E823C3001950EA /* CustomStoreObserver.h */,
				7C79513913E823C3001950EA /* CustomStoreObserver.m */,
				7C79513B13E823D4001950EA /* LearnersCloudSamplesVideos.h */,
				7C79513C13E823D4001950EA /* LearnersCloudSamplesVideos.m */,
				7C79513E13E823E5001950EA /* VideoPlayer.h */,
				7C79513F13E823E5001950EA /* VideoPlayer.m */,
			);
			name = Classes;
			sourceTree = "<group>";
		};
		7C79505413E80142001950EA /* ClientSideClasses */ = {
			isa = PBXGroup;
			children = (
				7C7950FE13E821A8001950EA /* Start.h */,
				7C7950FF13E821A8001950EA /* Start.m */,
				7C79510113E821B8001950EA /* ClientEngine.h */,
				7C79510213E821B8001950EA /* ClientEngine.m */,
				7C79510413E821CD001950EA /* ClientAnswers.h */,
				7C79510513E821CD001950EA /* ClientAnswers.m */,
			);
			name = ClientSideClasses;
			sourceTree = "<group>";
		};
		7C79505613E80176001950EA /* Icons */ = {
			isa = PBXGroup;
			children = (
				7C7950EE13E82123001950EA /* 60-signpost.png */,
				7C7950F013E82135001950EA /* buynow.jpeg */,
				7C7950F213E82143001950EA /* 80-shopping-cart.png */,
				7C7950F413E82153001950EA /* LearnersCloudLogo.png */,
				7C7950F613E82162001950EA /* 130-dice.png */,
				7C7950F813E8216F001950EA /* 44-shoebox.png */,
				7C7950FA13E8217C001950EA /* 20-gear2.png */,
				7C7950FC13E8218A001950EA /* 10-medical.png */,
			);
			name = Icons;
			sourceTree = "<group>";
		};
		7C79505713E801D8001950EA /* Model and Model Classes */ = {
			isa = PBXGroup;
			children = (
				7C934D7613EA8DE1009CAF38 /* Evaluator.xcdatamodel */,
				7C7950A713E81D7C001950EA /* Answers.h */,
				7C7950A813E81D7C001950EA /* Answers.m */,
				7C7950A913E81D7C001950EA /* DBVersion.h */,
				7C7950AA13E81D7C001950EA /* DBVersion.m */,
				7C7950AC13E81D7C001950EA /* lk_QuestionTemplate.h */,
				7C7950AD13E81D7C001950EA /* lk_QuestionTemplate.m */,
				7C7950AE13E81D7C001950EA /* QuestionHeader.h */,
				7C7950AF13E81D7C001950EA /* QuestionHeader.m */,
				7C7950B013E81D7C001950EA /* QuestionItems.h */,
				7C7950B113E81D7C001950EA /* QuestionItems.m */,
				7C7950B213E81D7C001950EA /* Topics.h */,
				7C7950B313E81D7C001950EA /* Topics.m */,
			);
			name = "Model and Model Classes";
			sourceTree = "<group>";
		};
		7C79505813E801FB001950EA /* Other Sources */ = {
			isa = PBXGroup;
			children = (
				7C8AAAA513E6ECE900C70B2E /* GCSEEnglishForiPad_svn-Prefix.pch */,
				7C8AAAA313E6ECE900C70B2E /* main.m */,
			);
			name = "Other Sources";
			sourceTree = "<group>";
		};
		7C79505913E80220001950EA /* Others */ = {
			isa = PBXGroup;
			children = (
				7C7950BB13E81E0E001950EA /* CustomPickerDataSource_Num_Questions.h */,
				7C7950BC13E81E0E001950EA /* CustomPickerDataSource_Num_Questions.m */,
			);
			name = Others;
			sourceTree = "<group>";
		};
		7C79505A13E8024F001950EA /* Resources */ = {
			isa = PBXGroup;
			children = (
				7C79506C13E80D08001950EA /* iTunesArtwork */,
				7C79506213E80979001950EA /* Icon.png */,
				7C79506113E80979001950EA /* Icon@2x.png */,
				7C79506513E809C0001950EA /* Icon-72.png */,
				7C79506713E809F9001950EA /* Icon-Small-50.png */,
				7C79506E13E80D68001950EA /* Maths.m4v */,
				7C79507013E80D7D001950EA /* ITest U Video.m4v */,
				7C79507213E80D92001950EA /* Physics.m4v */,
				7C79507413E80DAF001950EA /* English.m4v */,
				7C79507613E80DBD001950EA /* ArrowWoodImpact.aiff */,
				7C79507813E80DCD001950EA /* Chemistry.m4v */,
				7C79507A13E80DE4001950EA /* Cough.aiff */,
				7C79507C13E80DF9001950EA /* Clapping.aiff */,
				7C79507E13E80E55001950EA /* 45-movie1.png */,
				7C79508313E80EBE001950EA /* FromFree.plist */,
				7C79508013E80EBE001950EA /* From250.plist */,
				7C79508113E80EBE001950EA /* From500.plist */,
				7C79508213E80EBE001950EA /* From750.plist */,
				7C79508813E80F07001950EA /* Default-Landscape.png */,
				7C79508913E80F07001950EA /* Default-LandscapeLeft.png */,
				7C79508A13E80F07001950EA /* Default-LandscapeRight.png */,
				7C79508B13E80F07001950EA /* Default-Portrait.png */,
				7C79508C13E80F07001950EA /* Default-PortraitUpsideDown.png */,
				7C79509213E80F30001950EA /* Graph_Ipad.png */,
				7C79509413E80F48001950EA /* Maths.png */,
				7C79509613E80F7C001950EA /* English.png */,
				7C79509813E80F91001950EA /* Physics.png */,
				7C79509A13E80FA6001950EA /* Chemistry.png */,
				7C8AAAA013E6ECE900C70B2E /* InfoPlist.strings */,
				7C8AAA9F13E6ECE900C70B2E /* GCSEEnglishForiPad_svn-Info.plist */,
			);
			name = Resources;
			sourceTree = "<group>";
		};
		7C79505B13E80263001950EA /* Table Cells */ = {
			isa = PBXGroup;
			children = (
				7C7950D913E81EDE001950EA /* lk_QuestionListsCell.h */,
				7C7950DA13E81EDE001950EA /* lk_QuestionListsCell.m */,
				7C7950DB13E81EDE001950EA /* lk_TopicsCell.h */,
				7C7950DC13E81EDE001950EA /* lk_TopicsCell.m */,
				7C7950DF13E81EFB001950EA /* WebViewInCell.h */,
				7C7950E013E81EFB001950EA /* WebViewInCell.m */,
			);
			name = "Table Cells";
			sourceTree = "<group>";
		};
		7C79505C13E80275001950EA /* Template Views */ = {
			isa = PBXGroup;
			children = (
				7C7950C113E81E77001950EA /* MultipleChoiceSingleAnswer.h */,
				7C7950C213E81E77001950EA /* MultipleChoiceSingleAnswer.m */,
				7C7950C313E81E77001950EA /* MultipleChoiceSingleAnswer1.h */,
				7C7950C413E81E77001950EA /* MultipleChoiceSingleAnswer1.m */,
				7C7950C713E81E8F001950EA /* DescriptiveType.h */,
				7C7950C813E81E8F001950EA /* DescriptiveType.m */,
				7C7950C913E81E8F001950EA /* DescriptiveType1.h */,
				7C7950CA13E81E8F001950EA /* DescriptiveType1.m */,
				7C7950CD13E81EA6001950EA /* TrueOrFalseYesOrNo.h */,
				7C7950CE13E81EA6001950EA /* TrueOrFalseYesOrNo.m */,
				7C7950CF13E81EA6001950EA /* TrueOrFalseYesOrNo1.h */,
				7C7950D013E81EA6001950EA /* TrueOrFalseYesOrNo1.m */,
				7C7950D313E81EB8001950EA /* FillTheBlanks.h */,
				7C7950D413E81EB8001950EA /* FillTheBlanks.m */,
				7C7950D513E81EB8001950EA /* FillTheBlanks1.h */,
				7C7950D613E81EB8001950EA /* FillTheBlanks1.m */,
			);
			name = "Template Views";
			sourceTree = "<group>";
		};
		7C79505D13E8028B001950EA /* UploadData */ = {
			isa = PBXGroup;
			children = (
				7C79515E13E83437001950EA /* Uploads.m */,
				7C79515F13E83437001950EA /* Uploads.h */,
			);
			name = UploadData;
			sourceTree = "<group>";
		};
		7C8AAA8613E6ECE900C70B2E = {
			isa = PBXGroup;
			children = (
				7C79514F13E82FC7001950EA /* Settings.bundle */,
				7C79505113E800DD001950EA /* App Files */,
				7C79505313E8010A001950EA /* Classes */,
				7C79505413E80142001950EA /* ClientSideClasses */,
				7C79505613E80176001950EA /* Icons */,
				7C8AAA9D13E6ECE900C70B2E /* Main Window */,
				7C79505713E801D8001950EA /* Model and Model Classes */,
				7C79505813E801FB001950EA /* Other Sources */,
				7C79505913E80220001950EA /* Others */,
				7C79505D13E8028B001950EA /* UploadData */,
				7C79505C13E80275001950EA /* Template Views */,
				7C79505B13E80263001950EA /* Table Cells */,
				7C79505A13E8024F001950EA /* Resources */,
				7C8AAA9413E6ECE900C70B2E /* Frameworks */,
				7C8AAA9213E6ECE900C70B2E /* Products */,
			);
			sourceTree = "<group>";
		};
		7C8AAA9213E6ECE900C70B2E /* Products */ = {
			isa = PBXGroup;
			children = (
				7C8AAA9113E6ECE900C70B2E /* iTest U.app */,
			);
			name = Products;
			sourceTree = "<group>";
		};
		7C8AAA9413E6ECE900C70B2E /* Frameworks */ = {
			isa = PBXGroup;
			children = (
				7C79517313E85373001950EA /* libsqlite3.dylib */,
				7C79516F13E8503E001950EA /* SystemConfiguration.framework */,
				7C79516D13E83E26001950EA /* StoreKit.framework */,
				7C79516B13E83E1C001950EA /* QuartzCore.framework */,
				7C79516913E83E0E001950EA /* MessageUI.framework */,
				7C79516713E83E04001950EA /* MediaPlayer.framework */,
				7C79516513E83DAD001950EA /* AudioToolbox.framework */,
				7C79516313E835E0001950EA /* AudioToolbox.framework */,
				7C8AAA9513E6ECE900C70B2E /* UIKit.framework */,
				7C8AAA9713E6ECE900C70B2E /* Foundation.framework */,
				7C8AAA9913E6ECE900C70B2E /* CoreGraphics.framework */,
				7C8AAA9B13E6ECE900C70B2E /* CoreData.framework */,
			);
			name = Frameworks;
			sourceTree = "<group>";
		};
		7C8AAA9D13E6ECE900C70B2E /* Main Window */ = {
			isa = PBXGroup;
			children = (
				7C79509C13E81C86001950EA /* MainWindow.xib */,
				7C79509E13E81CC3001950EA /* EvaluatorAppDelegate.h */,
				7C79509F13E81CC3001950EA /* EvaluatorAppDelegate.m */,
				7C7950A113E81CEE001950EA /* TabBar.h */,
				7C7950A213E81CEE001950EA /* TabBar.m */,
				7C7950A413E81D12001950EA /* ActivityIndicator.h */,
				7C7950A513E81D12001950EA /* ActivityIndicator.m */,
			);
			name = "Main Window";
			path = GCSEEnglishForiPad_svn;
			sourceTree = "<group>";
		};
/* End PBXGroup section */

/* Begin PBXNativeTarget section */
		7C8AAA9013E6ECE900C70B2E /* GCSEEnglishForiPad_svn */ = {
			isa = PBXNativeTarget;
			buildConfigurationList = 7C8AAAB713E6ECE900C70B2E /* Build configuration list for PBXNativeTarget "GCSEEnglishForiPad_svn" */;
			buildPhases = (
				7C8AAA8D13E6ECE900C70B2E /* Sources */,
				7C8AAA8E13E6ECE900C70B2E /* Frameworks */,
				7C8AAA8F13E6ECE900C70B2E /* Resources */,
			);
			buildRules = (
			);
			dependencies = (
			);
			name = GCSEEnglishForiPad_svn;
			productName = GCSEEnglishForiPad_svn;
			productReference = 7C8AAA9113E6ECE900C70B2E /* iTest U.app */;
			productType = "com.apple.product-type.application";
		};
/* End PBXNativeTarget section */

/* Begin PBXProject section */
		7C8AAA8813E6ECE900C70B2E /* Project object */ = {
			isa = PBXProject;
			attributes = {
				ORGANIZATIONNAME = caxtonidowu;
			};
			buildConfigurationList = 7C8AAA8B13E6ECE900C70B2E /* Build configuration list for PBXProject "GCSEEnglishForiPad_svn" */;
			compatibilityVersion = "Xcode 3.2";
			developmentRegion = English;
			hasScannedForEncodings = 0;
			knownRegions = (
				en,
			);
			mainGroup = 7C8AAA8613E6ECE900C70B2E;
			productRefGroup = 7C8AAA9213E6ECE900C70B2E /* Products */;
			projectDirPath = "";
			projectRoot = "";
			targets = (
				7C8AAA9013E6ECE900C70B2E /* GCSEEnglishForiPad_svn */,
			);
		};
/* End PBXProject section */

/* Begin PBXResourcesBuildPhase section */
		7C8AAA8F13E6ECE900C70B2E /* Resources */ = {
			isa = PBXResourcesBuildPhase;
			buildActionMask = 2147483647;
			files = (
				7C8AAAA213E6ECE900C70B2E /* InfoPlist.strings in Resources */,
				7C79506313E80979001950EA /* Icon@2x.png in Resources */,
				7C79506413E80979001950EA /* Icon.png in Resources */,
				7C79506613E809C0001950EA /* Icon-72.png in Resources */,
				7C79506813E809F9001950EA /* Icon-Small-50.png in Resources */,
				7C79506D13E80D08001950EA /* iTunesArtwork in Resources */,
				7C79506F13E80D68001950EA /* Maths.m4v in Resources */,
				7C79507113E80D7D001950EA /* ITest U Video.m4v in Resources */,
				7C79507313E80D92001950EA /* Physics.m4v in Resources */,
				7C79507513E80DAF001950EA /* English.m4v in Resources */,
				7C79507713E80DBD001950EA /* ArrowWoodImpact.aiff in Resources */,
				7C79507913E80DCD001950EA /* Chemistry.m4v in Resources */,
				7C79507B13E80DE4001950EA /* Cough.aiff in Resources */,
				7C79507D13E80DF9001950EA /* Clapping.aiff in Resources */,
				7C79507F13E80E55001950EA /* 45-movie1.png in Resources */,
				7C79508413E80EBE001950EA /* From250.plist in Resources */,
				7C79508513E80EBE001950EA /* From500.plist in Resources */,
				7C79508613E80EBE001950EA /* From750.plist in Resources */,
				7C79508713E80EBE001950EA /* FromFree.plist in Resources */,
				7C79508D13E80F07001950EA /* Default-Landscape.png in Resources */,
				7C79508E13E80F07001950EA /* Default-LandscapeLeft.png in Resources */,
				7C79508F13E80F07001950EA /* Default-LandscapeRight.png in Resources */,
				7C79509013E80F07001950EA /* Default-Portrait.png in Resources */,
				7C79509113E80F07001950EA /* Default-PortraitUpsideDown.png in Resources */,
				7C79509313E80F30001950EA /* Graph_Ipad.png in Resources */,
				7C79509513E80F48001950EA /* Maths.png in Resources */,
				7C79509713E80F7C001950EA /* English.png in Resources */,
				7C79509913E80F91001950EA /* Physics.png in Resources */,
				7C79509B13E80FA6001950EA /* Chemistry.png in Resources */,
				7C79509D13E81C86001950EA /* MainWindow.xib in Resources */,
				7C7950EF13E82123001950EA /* 60-signpost.png in Resources */,
				7C7950F113E82135001950EA /* buynow.jpeg in Resources */,
				7C7950F313E82143001950EA /* 80-shopping-cart.png in Resources */,
				7C7950F513E82153001950EA /* LearnersCloudLogo.png in Resources */,
				7C7950F713E82162001950EA /* 130-dice.png in Resources */,
				7C7950F913E8216F001950EA /* 44-shoebox.png in Resources */,
				7C7950FB13E8217C001950EA /* 20-gear2.png in Resources */,
				7C7950FD13E8218A001950EA /* 10-medical.png in Resources */,
				7C79510E13E82218001950EA /* lk_QuestionListHeader.xib in Resources */,
				7C79511313E82227001950EA /* lk_Topics.xib in Resources */,
				7C79514213E82411001950EA /* AttributionIpad.pdf in Resources */,
				7C79514413E82427001950EA /* Results.xml in Resources */,
				7C79514613E82434001950EA /* DescriptiveAnswers.xml in Resources */,
				7C79514B13E824AF001950EA /* GCSEEnglish.sqlite in Resources */,
				7C79515013E82FC8001950EA /* Settings.bundle in Resources */,
			);
			runOnlyForDeploymentPostprocessing = 0;
		};
/* End PBXResourcesBuildPhase section */

/* Begin PBXSourcesBuildPhase section */
		7C8AAA8D13E6ECE900C70B2E /* Sources */ = {
			isa = PBXSourcesBuildPhase;
			buildActionMask = 2147483647;
			files = (
				7C8AAAA413E6ECE900C70B2E /* main.m in Sources */,
				7C7950A013E81CC3001950EA /* EvaluatorAppDelegate.m in Sources */,
				7C7950A313E81CEE001950EA /* TabBar.m in Sources */,
				7C7950A613E81D12001950EA /* ActivityIndicator.m in Sources */,
				7C7950B413E81D7C001950EA /* Answers.m in Sources */,
				7C7950B513E81D7C001950EA /* DBVersion.m in Sources */,
				7C7950B713E81D7C001950EA /* lk_QuestionTemplate.m in Sources */,
				7C7950B813E81D7C001950EA /* QuestionHeader.m in Sources */,
				7C7950B913E81D7C001950EA /* QuestionItems.m in Sources */,
				7C7950BA13E81D7C001950EA /* Topics.m in Sources */,
				7C7950BD13E81E0E001950EA /* CustomPickerDataSource_Num_Questions.m in Sources */,
				7C7950C513E81E77001950EA /* MultipleChoiceSingleAnswer.m in Sources */,
				7C7950C613E81E77001950EA /* MultipleChoiceSingleAnswer1.m in Sources */,
				7C7950CB13E81E8F001950EA /* DescriptiveType.m in Sources */,
				7C7950CC13E81E8F001950EA /* DescriptiveType1.m in Sources */,
				7C7950D113E81EA6001950EA /* TrueOrFalseYesOrNo.m in Sources */,
				7C7950D213E81EA6001950EA /* TrueOrFalseYesOrNo1.m in Sources */,
				7C7950D713E81EB8001950EA /* FillTheBlanks.m in Sources */,
				7C7950D813E81EB8001950EA /* FillTheBlanks1.m in Sources */,
				7C7950DD13E81EDE001950EA /* lk_QuestionListsCell.m in Sources */,
				7C7950DE13E81EDE001950EA /* lk_TopicsCell.m in Sources */,
				7C7950E113E81EFB001950EA /* WebViewInCell.m in Sources */,
				7C79510013E821A8001950EA /* Start.m in Sources */,
				7C79510313E821B8001950EA /* ClientEngine.m in Sources */,
				7C79510613E821CD001950EA /* ClientAnswers.m in Sources */,
				7C79510913E821F9001950EA /* AdminDashBoard.m in Sources */,
				7C79510C13E82209001950EA /* lk_QuestionLists.m in Sources */,
				7C79511213E82227001950EA /* lk_Topics.m in Sources */,
				7C79511613E822F3001950EA /* SelectQuestionTemplate.m in Sources */,
				7C79511913E82306001950EA /* SelectTopic.m in Sources */,
				7C79511C13E82317001950EA /* SelectAllocatedMarks.m in Sources */,
				7C79511F13E82329001950EA /* SelectDifficulty.m in Sources */,
				7C79512213E8233B001950EA /* ViewQuestionList.m in Sources */,
				7C79512513E82350001950EA /* Report.m in Sources */,
				7C79512813E82360001950EA /* CheckExistingFiles.m in Sources */,
				7C79512B13E82370001950EA /* Help.m in Sources */,
				7C79512E13E82380001950EA /* CopyrightLicense.m in Sources */,
				7C79513113E82390001950EA /* HelpVideo.m in Sources */,
				7C79513413E8239E001950EA /* Attribution.m in Sources */,
				7C79513713E823AE001950EA /* Buy.m in Sources */,
				7C79513A13E823C3001950EA /* CustomStoreObserver.m in Sources */,
				7C79513D13E823D4001950EA /* LearnersCloudSamplesVideos.m in Sources */,
				7C79514013E823E5001950EA /* VideoPlayer.m in Sources */,
				7C79516013E83437001950EA /* Uploads.m in Sources */,
				7C934D7713EA8DE1009CAF38 /* Evaluator.xcdatamodel in Sources */,
			);
			runOnlyForDeploymentPostprocessing = 0;
		};
/* End PBXSourcesBuildPhase section */

/* Begin PBXVariantGroup section */
		7C8AAAA013E6ECE900C70B2E /* InfoPlist.strings */ = {
			isa = PBXVariantGroup;
			children = (
				7C8AAAA113E6ECE900C70B2E /* en */,
			);
			name = InfoPlist.strings;
			path = GCSEEnglishForiPad_svn;
			sourceTree = "<group>";
		};
/* End PBXVariantGroup section */

/* Begin XCBuildConfiguration section */
		7C8AAAB513E6ECE900C70B2E /* Debug */ = {
			isa = XCBuildConfiguration;
			buildSettings = {
				ALWAYS_SEARCH_USER_PATHS = NO;
				ARCHS = "$(ARCHS_STANDARD_32_BIT)";
				"CODE_SIGN_IDENTITY[sdk=iphoneos*]" = "iPhone Developer: Joseph caxton (99S98QLWW3)";
				COPY_PHASE_STRIP = NO;
				GCC_C_LANGUAGE_STANDARD = gnu99;
				GCC_DYNAMIC_NO_PIC = NO;
				GCC_OPTIMIZATION_LEVEL = 0;
				GCC_PREPROCESSOR_DEFINITIONS = (
					"DEBUG=1",
					"$(inherited)",
				);
				GCC_SYMBOLS_PRIVATE_EXTERN = NO;
				GCC_VERSION = com.apple.compilers.llvmgcc42;
				GCC_WARN_ABOUT_MISSING_PROTOTYPES = YES;
				GCC_WARN_ABOUT_RETURN_TYPE = YES;
				GCC_WARN_UNUSED_VARIABLE = YES;
				IPHONEOS_DEPLOYMENT_TARGET = 4.3;
				"PROVISIONING_PROFILE[sdk=iphoneos*]" = "7CCF1503-7B16-417B-AA8B-2602838AC8DE";
				SDKROOT = iphoneos;
				TARGETED_DEVICE_FAMILY = 2;
			};
			name = Debug;
		};
		7C8AAAB613E6ECE900C70B2E /* Release */ = {
			isa = XCBuildConfiguration;
			buildSettings = {
				ALWAYS_SEARCH_USER_PATHS = NO;
				ARCHS = "$(ARCHS_STANDARD_32_BIT)";
				"CODE_SIGN_IDENTITY[sdk=iphoneos*]" = "iPhone Developer: Joseph caxton (99S98QLWW3)";
				COPY_PHASE_STRIP = YES;
				GCC_C_LANGUAGE_STANDARD = gnu99;
				GCC_VERSION = com.apple.compilers.llvmgcc42;
				GCC_WARN_ABOUT_MISSING_PROTOTYPES = YES;
				GCC_WARN_ABOUT_RETURN_TYPE = YES;
				GCC_WARN_UNUSED_VARIABLE = YES;
				IPHONEOS_DEPLOYMENT_TARGET = 4.3;
				OTHER_CFLAGS = "-DNS_BLOCK_ASSERTIONS=1";
				"PROVISIONING_PROFILE[sdk=iphoneos*]" = "7CCF1503-7B16-417B-AA8B-2602838AC8DE";
				SDKROOT = iphoneos;
				TARGETED_DEVICE_FAMILY = 2;
				VALIDATE_PRODUCT = YES;
			};
			name = Release;
		};
		7C8AAAB813E6ECE900C70B2E /* Debug */ = {
			isa = XCBuildConfiguration;
			buildSettings = {
				FRAMEWORK_SEARCH_PATHS = (
					"$(inherited)",
					"\"$(SRCROOT)\"",
				);
				GCC_PRECOMPILE_PREFIX_HEADER = YES;
				GCC_PREFIX_HEADER = "GCSEEnglishForiPad_svn/GCSEEnglishForiPad_svn-Prefix.pch";
				INFOPLIST_FILE = "GCSEEnglishForiPad_svn/GCSEEnglishForiPad_svn-Info.plist";
				IPHONEOS_DEPLOYMENT_TARGET = 4.3;
				LIBRARY_SEARCH_PATHS = (
					"$(inherited)",
					"\"$(SRCROOT)\"",
				);
				PRODUCT_NAME = "iTest U";
				TARGETED_DEVICE_FAMILY = 2;
				WRAPPER_EXTENSION = app;
			};
			name = Debug;
		};
		7C8AAAB913E6ECE900C70B2E /* Release */ = {
			isa = XCBuildConfiguration;
			buildSettings = {
				FRAMEWORK_SEARCH_PATHS = (
					"$(inherited)",
					"\"$(SRCROOT)\"",
				);
				GCC_PRECOMPILE_PREFIX_HEADER = YES;
				GCC_PREFIX_HEADER = "GCSEEnglishForiPad_svn/GCSEEnglishForiPad_svn-Prefix.pch";
				INFOPLIST_FILE = "GCSEEnglishForiPad_svn/GCSEEnglishForiPad_svn-Info.plist";
				IPHONEOS_DEPLOYMENT_TARGET = 4.3;
				LIBRARY_SEARCH_PATHS = (
					"$(inherited)",
					"\"$(SRCROOT)\"",
				);
				PRODUCT_NAME = "iTest U";
				TARGETED_DEVICE_FAMILY = 2;
				WRAPPER_EXTENSION = app;
			};
			name = Release;
		};
/* End XCBuildConfiguration section */

/* Begin XCConfigurationList section */
		7C8AAA8B13E6ECE900C70B2E /* Build configuration list for PBXProject "GCSEEnglishForiPad_svn" */ = {
			isa = XCConfigurationList;
			buildConfigurations = (
				7C8AAAB513E6ECE900C70B2E /* Debug */,
				7C8AAAB613E6ECE900C70B2E /* Release */,
			);
			defaultConfigurationIsVisible = 0;
			defaultConfigurationName = Release;
		};
		7C8AAAB713E6ECE900C70B2E /* Build configuration list for PBXNativeTarget "GCSEEnglishForiPad_svn" */ = {
			isa = XCConfigurationList;
			buildConfigurations = (
				7C8AAAB813E6ECE900C70B2E /* Debug */,
				7C8AAAB913E6ECE900C70B2E /* Release */,
			);
			defaultConfigurationIsVisible = 0;
			defaultConfigurationName = Release;
		};
/* End XCConfigurationList section */
	};
	rootObject = 7C8AAA8813E6ECE900C70B2E /* Project object */;
}
